
Microsoft Visual Studio Solution File, Format Version 12.00
# Visual Studio Version 17
VisualStudioVersion = 17.3.32929.385
MinimumVisualStudioVersion = 10.0.40219.1
Project("{FAE04EC0-301F-11D3-BF4B-00C04F79EFBC}") = "BeSureApi", "BeSureApi.csproj", "{08CE8A37-3708-4582-9B49-6BF6220D0FD3}"
EndProject
Global
	GlobalSection(SolutionConfigurationPlatforms) = preSolution
		Debug|Any CPU = Debug|Any CPU
		Release|Any CPU = Release|Any CPU
	EndGlobalSection
	GlobalSection(ProjectConfigurationPlatforms) = postSolution
		{08CE8A37-3708-4582-9B49-6BF6220D0FD3}.Debug|Any CPU.ActiveCfg = Debug|Any CPU
		{08CE8A37-3708-4582-9B49-6BF6220D0FD3}.Debug|Any CPU.Build.0 = Debug|Any CPU
		{08CE8A37-3708-4582-9B49-6BF6220D0FD3}.Release|Any CPU.ActiveCfg = Release|Any CPU
		{08CE8A37-3708-4582-9B49-6BF6220D0FD3}.Release|Any CPU.Build.0 = Release|Any CPU
	EndGlobalSection
	GlobalSection(SolutionProperties) = preSolution
		HideSolutionNode = FALSE
	EndGlobalSection
	GlobalSection(ExtensibilityGlobals) = postSolution
		SolutionGuid = {4900144C-0F8A-4E3E-9CD7-B875E9DF4973}
	EndGlobalSection
EndGlobal
